
Microsoft Visual Studio Solution File, Format Version 12.00
# Visual Studio Version 16
VisualStudioVersion = 16.0.31410.357
MinimumVisualStudioVersion = 10.0.40219.1
Project("{FAE04EC0-301F-11D3-BF4B-00C04F79EFBC}") = "my-books", "my-books.csproj", "{9901A54A-705E-4430-86A7-9E3EB0FC32B6}"
EndProject
Global
	GlobalSection(SolutionConfigurationPlatforms) = preSolution
		Debug|Any CPU = Debug|Any CPU
		Release|Any CPU = Release|Any CPU
	EndGlobalSection
	GlobalSection(ProjectConfigurationPlatforms) = postSolution
		{9901A54A-705E-4430-86A7-9E3EB0FC32B6}.Debug|Any CPU.ActiveCfg = Debug|Any CPU
		{9901A54A-705E-4430-86A7-9E3EB0FC32B6}.Debug|Any CPU.Build.0 = Debug|Any CPU
		{9901A54A-705E-4430-86A7-9E3EB0FC32B6}.Release|Any CPU.ActiveCfg = Release|Any CPU
		{9901A54A-705E-4430-86A7-9E3EB0FC32B6}.Release|Any CPU.Build.0 = Release|Any CPU
	EndGlobalSection
	GlobalSection(SolutionProperties) = preSolution
		HideSolutionNode = FALSE
	EndGlobalSection
	GlobalSection(ExtensibilityGlobals) = postSolution
		SolutionGuid = {0AA07413-FE62-4FA5-862F-B7DB19A88420}
	EndGlobalSection
EndGlobal
